
Microsoft Visual Studio Solution File, Format Version 12.00
# Visual Studio Version 17
VisualStudioVersion = 17.9.34701.34
MinimumVisualStudioVersion = 10.0.40219.1
Project("{FAE04EC0-301F-11D3-BF4B-00C04F79EFBC}") = "VehicleFinder", "VehicleFinder\VehicleFinder.csproj", "{BAAA91DC-194F-4014-8829-EEEBF2639BC2}"
EndProject
Global
	GlobalSection(SolutionConfigurationPlatforms) = preSolution
		Debug|Any CPU = Debug|Any CPU
		Release|Any CPU = Release|Any CPU
	EndGlobalSection
	GlobalSection(ProjectConfigurationPlatforms) = postSolution
		{BAAA91DC-194F-4014-8829-EEEBF2639BC2}.Debug|Any CPU.ActiveCfg = Debug|Any CPU
		{BAAA91DC-194F-4014-8829-EEEBF2639BC2}.Debug|Any CPU.Build.0 = Debug|Any CPU
		{BAAA91DC-194F-4014-8829-EEEBF2639BC2}.Release|Any CPU.ActiveCfg = Release|Any CPU
		{BAAA91DC-194F-4014-8829-EEEBF2639BC2}.Release|Any CPU.Build.0 = Release|Any CPU
	EndGlobalSection
	GlobalSection(SolutionProperties) = preSolution
		HideSolutionNode = FALSE
	EndGlobalSection
	GlobalSection(ExtensibilityGlobals) = postSolution
		SolutionGuid = {905FBAFF-A999-448C-8014-A8A242CC7655}
	EndGlobalSection
EndGlobal
